
Microsoft Visual Studio Solution File, Format Version 12.00
# Visual Studio Version 17
VisualStudioVersion = 17.11.35312.102
MinimumVisualStudioVersion = 10.0.40219.1
Project("{8BC9CEB8-8B4A-11D0-8D11-00A0C91BC942}") = "CoreEngine", "CoreEngine.vcxproj", "{E8D95CBE-2EAA-480D-B886-2BA2947C1336}"
EndProject
Project("{2150E333-8FDC-42A3-9474-1A3956D46DE8}") = "ソリューション項目", "ソリューション項目", "{921935A6-170A-43F2-88BA-601B75543A42}"
	ProjectSection(SolutionItems) = preProject
		.editorconfig = .editorconfig
	EndProjectSection
EndProject
Global
	GlobalSection(SolutionConfigurationPlatforms) = preSolution
		Debug|x64 = Debug|x64
		Release|x64 = Release|x64
	EndGlobalSection
	GlobalSection(ProjectConfigurationPlatforms) = postSolution
		{E8D95CBE-2EAA-480D-B886-2BA2947C1336}.Debug|x64.ActiveCfg = Debug|x64
		{E8D95CBE-2EAA-480D-B886-2BA2947C1336}.Debug|x64.Build.0 = Debug|x64
		{E8D95CBE-2EAA-480D-B886-2BA2947C1336}.Release|x64.ActiveCfg = Release|x64
		{E8D95CBE-2EAA-480D-B886-2BA2947C1336}.Release|x64.Build.0 = Release|x64
	EndGlobalSection
	GlobalSection(SolutionProperties) = preSolution
		HideSolutionNode = FALSE
	EndGlobalSection
	GlobalSection(ExtensibilityGlobals) = postSolution
		SolutionGuid = {A9B1FE8C-A86B-4263-85F3-B40EF6C235CC}
	EndGlobalSection
EndGlobal
